
Microsoft Visual Studio Solution File, Format Version 12.00
# Visual Studio Version 17
VisualStudioVersion = 17.9.34728.123
MinimumVisualStudioVersion = 10.0.40219.1
Project("{FAE04EC0-301F-11D3-BF4B-00C04F79EFBC}") = "Uninventory", "Uninventory\Uninventory.csproj", "{2BD811B1-F7A1-4D64-8812-891E8D9EEB10}"
EndProject
Global
	GlobalSection(SolutionConfigurationPlatforms) = preSolution
		Debug|Any CPU = Debug|Any CPU
		Release|Any CPU = Release|Any CPU
	EndGlobalSection
	GlobalSection(ProjectConfigurationPlatforms) = postSolution
		{2BD811B1-F7A1-4D64-8812-891E8D9EEB10}.Debug|Any CPU.ActiveCfg = Debug|Any CPU
		{2BD811B1-F7A1-4D64-8812-891E8D9EEB10}.Debug|Any CPU.Build.0 = Debug|Any CPU
		{2BD811B1-F7A1-4D64-8812-891E8D9EEB10}.Release|Any CPU.ActiveCfg = Release|Any CPU
		{2BD811B1-F7A1-4D64-8812-891E8D9EEB10}.Release|Any CPU.Build.0 = Release|Any CPU
	EndGlobalSection
	GlobalSection(SolutionProperties) = preSolution
		HideSolutionNode = FALSE
	EndGlobalSection
	GlobalSection(ExtensibilityGlobals) = postSolution
		SolutionGuid = {5B2D9122-2BAB-4B4F-AF15-EB2388B4BF29}
	EndGlobalSection
EndGlobal
